
Microsoft Visual Studio Solution File, Format Version 12.00
# Visual Studio Version 16
VisualStudioVersion = 16.0.30907.101
MinimumVisualStudioVersion = 10.0.40219.1
Project("{9A19103F-16F7-4668-BE54-9A1E7A4F7556}") = "Model", "Model\Model.csproj", "{9EEF34BF-D08A-4806-A4B6-FE12C0BBD9D9}"
EndProject
Project("{9A19103F-16F7-4668-BE54-9A1E7A4F7556}") = "Interface", "Interface\Interface.csproj", "{59297E48-9DE4-4CC0-92FA-9CB4480E43FC}"
EndProject
Project("{9A19103F-16F7-4668-BE54-9A1E7A4F7556}") = "Service", "Service\Service.csproj", "{AFB9F493-25DE-41C6-9085-3DB920CC6D9B}"
EndProject
Project("{9A19103F-16F7-4668-BE54-9A1E7A4F7556}") = "CAP", "CAP\CAP.csproj", "{55709290-6609-4176-8AAA-3FE70193189D}"
EndProject
Project("{9A19103F-16F7-4668-BE54-9A1E7A4F7556}") = "Common", "Common\Common.csproj", "{C22755DF-33DE-4C60-9308-FF3961986261}"
EndProject
Project("{9A19103F-16F7-4668-BE54-9A1E7A4F7556}") = "Business", "Business\Business.csproj", "{ECE51DC6-1570-435B-9EDB-D999B9DCBE63}"
EndProject
Project("{9A19103F-16F7-4668-BE54-9A1E7A4F7556}") = "Repository", "Repository\Repository.csproj", "{349D426D-DDD5-418C-B130-C98269523334}"
EndProject
Project("{E53339B2-1760-4266-BCC7-CA923CBCF16C}") = "docker-compose", "docker-compose.dcproj", "{2BAD72F7-07A5-4422-9695-F55CEB874BA8}"
EndProject
Global
	GlobalSection(SolutionConfigurationPlatforms) = preSolution
		Debug|Any CPU = Debug|Any CPU
		Release|Any CPU = Release|Any CPU
	EndGlobalSection
	GlobalSection(ProjectConfigurationPlatforms) = postSolution
		{9EEF34BF-D08A-4806-A4B6-FE12C0BBD9D9}.Debug|Any CPU.ActiveCfg = Debug|Any CPU
		{9EEF34BF-D08A-4806-A4B6-FE12C0BBD9D9}.Debug|Any CPU.Build.0 = Debug|Any CPU
		{9EEF34BF-D08A-4806-A4B6-FE12C0BBD9D9}.Release|Any CPU.ActiveCfg = Release|Any CPU
		{9EEF34BF-D08A-4806-A4B6-FE12C0BBD9D9}.Release|Any CPU.Build.0 = Release|Any CPU
		{59297E48-9DE4-4CC0-92FA-9CB4480E43FC}.Debug|Any CPU.ActiveCfg = Debug|Any CPU
		{59297E48-9DE4-4CC0-92FA-9CB4480E43FC}.Debug|Any CPU.Build.0 = Debug|Any CPU
		{59297E48-9DE4-4CC0-92FA-9CB4480E43FC}.Release|Any CPU.ActiveCfg = Release|Any CPU
		{59297E48-9DE4-4CC0-92FA-9CB4480E43FC}.Release|Any CPU.Build.0 = Release|Any CPU
		{AFB9F493-25DE-41C6-9085-3DB920CC6D9B}.Debug|Any CPU.ActiveCfg = Debug|Any CPU
		{AFB9F493-25DE-41C6-9085-3DB920CC6D9B}.Debug|Any CPU.Build.0 = Debug|Any CPU
		{AFB9F493-25DE-41C6-9085-3DB920CC6D9B}.Release|Any CPU.ActiveCfg = Release|Any CPU
		{AFB9F493-25DE-41C6-9085-3DB920CC6D9B}.Release|Any CPU.Build.0 = Release|Any CPU
		{55709290-6609-4176-8AAA-3FE70193189D}.Debug|Any CPU.ActiveCfg = Debug|Any CPU
		{55709290-6609-4176-8AAA-3FE70193189D}.Debug|Any CPU.Build.0 = Debug|Any CPU
		{55709290-6609-4176-8AAA-3FE70193189D}.Release|Any CPU.ActiveCfg = Release|Any CPU
		{55709290-6609-4176-8AAA-3FE70193189D}.Release|Any CPU.Build.0 = Release|Any CPU
		{C22755DF-33DE-4C60-9308-FF3961986261}.Debug|Any CPU.ActiveCfg = Debug|Any CPU
		{C22755DF-33DE-4C60-9308-FF3961986261}.Debug|Any CPU.Build.0 = Debug|Any CPU
		{C22755DF-33DE-4C60-9308-FF3961986261}.Release|Any CPU.ActiveCfg = Release|Any CPU
		{C22755DF-33DE-4C60-9308-FF3961986261}.Release|Any CPU.Build.0 = Release|Any CPU
		{ECE51DC6-1570-435B-9EDB-D999B9DCBE63}.Debug|Any CPU.ActiveCfg = Debug|Any CPU
		{ECE51DC6-1570-435B-9EDB-D999B9DCBE63}.Debug|Any CPU.Build.0 = Debug|Any CPU
		{ECE51DC6-1570-435B-9EDB-D999B9DCBE63}.Release|Any CPU.ActiveCfg = Release|Any CPU
		{ECE51DC6-1570-435B-9EDB-D999B9DCBE63}.Release|Any CPU.Build.0 = Release|Any CPU
		{349D426D-DDD5-418C-B130-C98269523334}.Debug|Any CPU.ActiveCfg = Debug|Any CPU
		{349D426D-DDD5-418C-B130-C98269523334}.Debug|Any CPU.Build.0 = Debug|Any CPU
		{349D426D-DDD5-418C-B130-C98269523334}.Release|Any CPU.ActiveCfg = Release|Any CPU
		{349D426D-DDD5-418C-B130-C98269523334}.Release|Any CPU.Build.0 = Release|Any CPU
		{2BAD72F7-07A5-4422-9695-F55CEB874BA8}.Debug|Any CPU.ActiveCfg = Debug|Any CPU
		{2BAD72F7-07A5-4422-9695-F55CEB874BA8}.Debug|Any CPU.Build.0 = Debug|Any CPU
		{2BAD72F7-07A5-4422-9695-F55CEB874BA8}.Release|Any CPU.ActiveCfg = Release|Any CPU
		{2BAD72F7-07A5-4422-9695-F55CEB874BA8}.Release|Any CPU.Build.0 = Release|Any CPU
	EndGlobalSection
	GlobalSection(SolutionProperties) = preSolution
		HideSolutionNode = FALSE
	EndGlobalSection
	GlobalSection(ExtensibilityGlobals) = postSolution
		SolutionGuid = {0D824AFE-BFE1-4E37-9F5F-721312684D44}
	EndGlobalSection
EndGlobal
